{
  "version": 4,
  "terraform_version": "0.12.20",
  "serial": 131,
  "lineage": "dbcacb91-80ef-a39c-0a8c-69596b4bba1a",
  "outputs": {},
  "resources": [
    {
      "mode": "managed",
      "type": "azurerm_network_interface",
      "name": "nic1",
      "provider": "provider.azurerm",
      "instances": [
        {
          "schema_version": 0,
          "attributes": {
            "applied_dns_servers": [],
            "dns_servers": [],
            "enable_accelerated_networking": false,
            "enable_ip_forwarding": false,
            "id": "/subscriptions/ff4f2c33-c7b6-4e8e-b9bd-a8739f36cd86/resourceGroups/Terraform_webapp/providers/Microsoft.Network/networkInterfaces/mjaywebapp-nic1",
            "internal_dns_name_label": "",
            "internal_fqdn": "",
            "ip_configuration": [
              {
                "application_gateway_backend_address_pools_ids": [],
                "application_security_group_ids": [],
                "load_balancer_backend_address_pools_ids": [],
                "load_balancer_inbound_nat_rules_ids": [],
                "name": "mjaywebapp-config",
                "primary": true,
                "private_ip_address": "10.0.0.4",
                "private_ip_address_allocation": "dynamic",
                "private_ip_address_version": "IPv4",
                "public_ip_address_id": "",
                "subnet_id": "/subscriptions/ff4f2c33-c7b6-4e8e-b9bd-a8739f36cd86/resourceGroups/Terraform_webapp/providers/Microsoft.Network/virtualNetworks/mjaywebapp-vnet1/subnets/mjaywebapp-subnet1"
              }
            ],
            "location": "westus2",
            "mac_address": "",
            "name": "mjaywebapp-nic1",
            "network_security_group_id": "",
            "private_ip_address": "10.0.0.4",
            "private_ip_addresses": [
              "10.0.0.4"
            ],
            "resource_group_name": "Terraform_webapp",
            "tags": {},
            "virtual_machine_id": null
          },
          "private": "bnVsbA==",
          "dependencies": [
            "azurerm_resource_group.rg",
            "azurerm_subnet.merasubnet",
            "azurerm_virtual_network.vnet"
          ]
        }
      ]
    },
    {
      "mode": "managed",
      "type": "azurerm_public_ip",
      "name": "pubip",
      "provider": "provider.azurerm",
      "instances": [
        {
          "schema_version": 0,
          "attributes": {
            "allocation_method": "Static",
            "domain_name_label": null,
            "fqdn": null,
            "id": "/subscriptions/ff4f2c33-c7b6-4e8e-b9bd-a8739f36cd86/resourceGroups/Terraform_webapp/providers/Microsoft.Network/publicIPAddresses/mjaywebapp-pubip",
            "idle_timeout_in_minutes": 4,
            "ip_address": "51.141.164.175",
            "ip_version": "IPv4",
            "location": "westus2",
            "name": "mjaywebapp-pubip",
            "public_ip_address_allocation": "Static",
            "public_ip_prefix_id": null,
            "resource_group_name": "Terraform_webapp",
            "reverse_fqdn": null,
            "sku": "Basic",
            "tags": {
              "owner": "Mritunjay"
            },
            "zones": []
          },
          "private": "bnVsbA==",
          "dependencies": [
            "azurerm_resource_group.rg"
          ]
        }
      ]
    },
    {
      "mode": "managed",
      "type": "azurerm_resource_group",
      "name": "rg",
      "provider": "provider.azurerm",
      "instances": [
        {
          "schema_version": 0,
          "attributes": {
            "id": "/subscriptions/ff4f2c33-c7b6-4e8e-b9bd-a8739f36cd86/resourceGroups/Terraform_webapp",
            "location": "westus2",
            "name": "Terraform_webapp",
            "tags": {
              "owner": "Mritunjay"
            }
          },
          "private": "bnVsbA=="
        }
      ]
    },
    {
      "mode": "managed",
      "type": "azurerm_subnet",
      "name": "merasubnet",
      "provider": "provider.azurerm",
      "instances": [
        {
          "schema_version": 0,
          "attributes": {
            "address_prefix": "10.0.0.0/24",
            "delegation": [],
            "enforce_private_link_endpoint_network_policies": false,
            "enforce_private_link_service_network_policies": false,
            "id": "/subscriptions/ff4f2c33-c7b6-4e8e-b9bd-a8739f36cd86/resourceGroups/Terraform_webapp/providers/Microsoft.Network/virtualNetworks/mjaywebapp-vnet1/subnets/mjaywebapp-subnet1",
            "ip_configurations": [],
            "name": "mjaywebapp-subnet1",
            "network_security_group_id": "",
            "resource_group_name": "Terraform_webapp",
            "route_table_id": "",
            "service_endpoints": null,
            "virtual_network_name": "mjaywebapp-vnet1"
          },
          "private": "bnVsbA==",
          "dependencies": [
            "azurerm_resource_group.rg",
            "azurerm_virtual_network.vnet"
          ]
        }
      ]
    },
    {
      "mode": "managed",
      "type": "azurerm_virtual_machine",
      "name": "vm1",
      "provider": "provider.azurerm",
      "instances": [
        {
          "schema_version": 0,
          "attributes": {
            "additional_capabilities": [],
            "availability_set_id": null,
            "boot_diagnostics": [],
            "delete_data_disks_on_termination": true,
            "delete_os_disk_on_termination": true,
            "id": "/subscriptions/ff4f2c33-c7b6-4e8e-b9bd-a8739f36cd86/resourceGroups/Terraform_webapp/providers/Microsoft.Compute/virtualMachines/mjaywebapp-vm1",
            "identity": [],
            "license_type": null,
            "location": "westus2",
            "name": "mjaywebapp-vm1",
            "network_interface_ids": [
              "/subscriptions/ff4f2c33-c7b6-4e8e-b9bd-a8739f36cd86/resourceGroups/Terraform_webapp/providers/Microsoft.Network/networkInterfaces/mjaywebapp-nic1"
            ],
            "os_profile": [
              {
                "admin_password": "",
                "admin_username": "Mrityunjay",
                "computer_name": "Mjayhost",
                "custom_data": ""
              }
            ],
            "os_profile_linux_config": [
              {
                "disable_password_authentication": false,
                "ssh_keys": []
              }
            ],
            "os_profile_secrets": [],
            "os_profile_windows_config": [],
            "plan": [],
            "primary_network_interface_id": null,
            "proximity_placement_group_id": null,
            "resource_group_name": "Terraform_webapp",
            "storage_data_disk": [],
            "storage_image_reference": [
              {
                "id": "",
                "offer": "UbuntuServer",
                "publisher": "canonical",
                "sku": "16.04-LTS",
                "version": "latest"
              }
            ],
            "storage_os_disk": [
              {
                "caching": "ReadWrite",
                "create_option": "FromImage",
                "disk_size_gb": 30,
                "image_uri": "",
                "managed_disk_id": "/subscriptions/ff4f2c33-c7b6-4e8e-b9bd-a8739f36cd86/resourceGroups/Terraform_webapp/providers/Microsoft.Compute/disks/myosdisk1",
                "managed_disk_type": "Standard_LRS",
                "name": "myosdisk1",
                "os_type": "Linux",
                "vhd_uri": "",
                "write_accelerator_enabled": false
              }
            ],
            "tags": {
              "owner": "Mritunjay"
            },
            "vm_size": "Standard_B1ls",
            "zones": null
          },
          "private": "bnVsbA==",
          "dependencies": [
            "azurerm_network_interface.nic1",
            "azurerm_resource_group.rg",
            "azurerm_subnet.merasubnet",
            "azurerm_virtual_network.vnet"
          ]
        }
      ]
    },
    {
      "mode": "managed",
      "type": "azurerm_virtual_network",
      "name": "vnet",
      "provider": "provider.azurerm",
      "instances": [
        {
          "schema_version": 0,
          "attributes": {
            "address_space": [
              "10.0.0.0/16"
            ],
            "ddos_protection_plan": [],
            "dns_servers": [],
            "id": "/subscriptions/ff4f2c33-c7b6-4e8e-b9bd-a8739f36cd86/resourceGroups/Terraform_webapp/providers/Microsoft.Network/virtualNetworks/mjaywebapp-vnet1",
            "location": "westus2",
            "name": "mjaywebapp-vnet1",
            "resource_group_name": "Terraform_webapp",
            "subnet": [],
            "tags": {
              "owner": "Mritunjay"
            }
          },
          "private": "bnVsbA==",
          "dependencies": [
            "azurerm_resource_group.rg"
          ]
        }
      ]
    }
  ]
}
